# This file is automatically @generated by Cargo.
# It is not intended for manual editing.
version = 3

[[package]]
name = "fifth-row-tech"
version = "0.1.0"
dependencies = [
 "priority-queue",
]

[[package]]
name = "ordermap"
version = "0.2.13"
source = "registry+https://github.com/rust-lang/crates.io-index"
checksum = "b81cf3b8cb96aa0e73bbedfcdc9708d09fec2854ba8d474be4e6f666d7379e8b"

[[package]]
name = "priority-queue"
version = "0.1.8"
source = "registry+https://github.com/rust-lang/crates.io-index"
checksum = "d379ad15a02212063cba608b997457ab5b14929057f18f4128f42665197bd9f6"
dependencies = [
 "ordermap",
]
